{
  "name": "http-cache",
  "version": "1.0.0",
  "lockfileVersion": 3,
  "requires": true,
  "packages": {
    "": {
      "name": "http-cache",
      "version": "1.0.0",
      "license": "MIT",
      "devDependencies": {
        "@types/node": "^24.10.1",
        "@typescript/native-preview": "^7.0.0-dev.20251205.1",
        "typescript": "^5.9.3"
      }
    },
    "node_modules/@types/node": {
      "version": "24.10.1",
      "resolved": "https://registry.npmjs.org/@types/node/-/node-24.10.1.tgz",
      "integrity": "sha512-GNWcUTRBgIRJD5zj+Tq0fKOJ5XZajIiBroOF0yvj2bSU1WvNdYS/dn9UxwsujGW4JX06dnHyjV2y9rRaybH0iQ==",
      "dev": true,
      "license": "MIT",
      "dependencies": {
        "undici-types": "~7.16.0"
      }
    },
    "node_modules/@typescript/native-preview": {
      "version": "7.0.0-dev.20251205.1",
      "resolved": "https://registry.npmjs.org/@typescript/native-preview/-/native-preview-7.0.0-dev.20251205.1.tgz",
      "integrity": "sha512-4nae7v1KJNga2zHEak87PNF2KZjwYpueaPtBnNEU7Sb8Lh+oIWG5Iqia9lXuvpjOKd0mign9SNUO+fgj/VB3CA==",
      "dev": true,
      "license": "Apache-2.0",
      "bin": {
        "tsgo": "bin/tsgo.js"
      },
      "optionalDependencies": {
        "@typescript/native-preview-darwin-arm64": "7.0.0-dev.20251205.1",
        "@typescript/native-preview-darwin-x64": "7.0.0-dev.20251205.1",
        "@typescript/native-preview-linux-arm": "7.0.0-dev.20251205.1",
        "@typescript/native-preview-linux-arm64": "7.0.0-dev.20251205.1",
        "@typescript/native-preview-linux-x64": "7.0.0-dev.20251205.1",
        "@typescript/native-preview-win32-arm64": "7.0.0-dev.20251205.1",
        "@typescript/native-preview-win32-x64": "7.0.0-dev.20251205.1"
      }
    },
    "node_modules/@typescript/native-preview-darwin-arm64": {
      "version": "7.0.0-dev.20251205.1",
      "resolved": "https://registry.npmjs.org/@typescript/native-preview-darwin-arm64/-/native-preview-darwin-arm64-7.0.0-dev.20251205.1.tgz",
      "integrity": "sha512-gDYe0y5MFr28jqPlKVQbvCsrodAnKB4KxL4WJhAiJ/sbRdbBEu1WjTS6n5ws8Ci1SuGXUBPI00kIL4BdZopKqw==",
      "cpu": [
        "arm64"
      ],
      "dev": true,
      "license": "Apache-2.0",
      "optional": true,
      "os": [
        "darwin"
      ]
    },
    "node_modules/@typescript/native-preview-darwin-x64": {
      "version": "7.0.0-dev.20251205.1",
      "resolved": "https://registry.npmjs.org/@typescript/native-preview-darwin-x64/-/native-preview-darwin-x64-7.0.0-dev.20251205.1.tgz",
      "integrity": "sha512-j/l25AGlW1TDgHbw5O/Y1L++A2TCEtddcn9hTW0g4y1WMMMa8hjRQfg0NE7u4rPbBNWfoYLnedcM3hr83gPmpA==",
      "cpu": [
        "x64"
      ],
      "dev": true,
      "license": "Apache-2.0",
      "optional": true,
      "os": [
        "darwin"
      ]
    },
    "node_modules/@typescript/native-preview-linux-arm": {
      "version": "7.0.0-dev.20251205.1",
      "resolved": "https://registry.npmjs.org/@typescript/native-preview-linux-arm/-/native-preview-linux-arm-7.0.0-dev.20251205.1.tgz",
      "integrity": "sha512-VYKQvVl/9qQ004fWdg6HDXF3PZbd1sZMcRN/LA55JesJI0xWqNkP5NQlB//4kan5+F6SX8+IyZDIoW0A2d6dqw==",
      "cpu": [
        "arm"
      ],
      "dev": true,
      "license": "Apache-2.0",
      "optional": true,
      "os": [
        "linux"
      ]
    },
    "node_modules/@typescript/native-preview-linux-arm64": {
      "version": "7.0.0-dev.20251205.1",
      "resolved": "https://registry.npmjs.org/@typescript/native-preview-linux-arm64/-/native-preview-linux-arm64-7.0.0-dev.20251205.1.tgz",
      "integrity": "sha512-jBPA0GV98C8i/K+ZIEP4b3A20o0fsDz8C+UjG52mnzek6gUiG7tbZ5mVONhMBcbLfRT3b/8giq9iN0vJEC0UfA==",
      "cpu": [
        "arm64"
      ],
      "dev": true,
      "license": "Apache-2.0",
      "optional": true,
      "os": [
        "linux"
      ]
    },
    "node_modules/@typescript/native-preview-linux-x64": {
      "version": "7.0.0-dev.20251205.1",
      "resolved": "https://registry.npmjs.org/@typescript/native-preview-linux-x64/-/native-preview-linux-x64-7.0.0-dev.20251205.1.tgz",
      "integrity": "sha512-HYlaVfNLGxbatJsWWn0StJ898DC3WbBKSJ4E9+BLYWz0Y9sSE8cex9aBdAkSIn342qVv4VUPw7p8BP50MZ3a2A==",
      "cpu": [
        "x64"
      ],
      "dev": true,
      "license": "Apache-2.0",
      "optional": true,
      "os": [
        "linux"
      ]
    },
    "node_modules/@typescript/native-preview-win32-arm64": {
      "version": "7.0.0-dev.20251205.1",
      "resolved": "https://registry.npmjs.org/@typescript/native-preview-win32-arm64/-/native-preview-win32-arm64-7.0.0-dev.20251205.1.tgz",
      "integrity": "sha512-xmIGqzkeb0dT4yB/N0uJ4GcR1JzkIU/af/jraFcfPHhwcQ54sFLChJGKZnow2mPLYu4tI2dLhLcifP7coQs5qw==",
      "cpu": [
        "arm64"
      ],
      "dev": true,
      "license": "Apache-2.0",
      "optional": true,
      "os": [
        "win32"
      ]
    },
    "node_modules/@typescript/native-preview-win32-x64": {
      "version": "7.0.0-dev.20251205.1",
      "resolved": "https://registry.npmjs.org/@typescript/native-preview-win32-x64/-/native-preview-win32-x64-7.0.0-dev.20251205.1.tgz",
      "integrity": "sha512-Tn33QPqswaFWTkHJ1DokHor91f/lGNbOp1FdsKamqEtRtZXAmhtbLShR21YiUatdY4DjBRkZNkk1jgIc03NYNA==",
      "cpu": [
        "x64"
      ],
      "dev": true,
      "license": "Apache-2.0",
      "optional": true,
      "os": [
        "win32"
      ]
    },
    "node_modules/typescript": {
      "version": "5.9.3",
      "resolved": "https://registry.npmjs.org/typescript/-/typescript-5.9.3.tgz",
      "integrity": "sha512-jl1vZzPDinLr9eUt3J/t7V6FgNEw9QjvBPdysz9KfQDD41fQrC2Y4vKQdiaUpFT4bXlb1RHhLpp8wtm6M5TgSw==",
      "dev": true,
      "license": "Apache-2.0",
      "bin": {
        "tsc": "bin/tsc",
        "tsserver": "bin/tsserver"
      },
      "engines": {
        "node": ">=14.17"
      }
    },
    "node_modules/undici-types": {
      "version": "7.16.0",
      "resolved": "https://registry.npmjs.org/undici-types/-/undici-types-7.16.0.tgz",
      "integrity": "sha512-Zz+aZWSj8LE6zoxD+xrjh4VfkIG8Ya6LvYkZqtUQGJPZjYl53ypCaUwWqo7eI0x66KBGeRo+mlBEkMSeSZ38Nw==",
      "dev": true,
      "license": "MIT"
    }
  }
}
